
Microsoft Visual Studio Solution File, Format Version 11.00
# Visual Studio 2010
Project("{8BC9CEB8-8B4A-11D0-8D11-00A0C91BC942}") = "dataTester", "dataTester\dataTester.vcxproj", "{F2C76A4A-69E1-4305-9E42-B8638088B083}"
EndProject
Global
	GlobalSection(SubversionScc) = preSolution
		Svn-Managed = True
		Manager = AnkhSVN - Subversion Support for Visual Studio
	EndGlobalSection
	GlobalSection(SolutionConfigurationPlatforms) = preSolution
		Debug|Win32 = Debug|Win32
		Release|Win32 = Release|Win32
	EndGlobalSection
	GlobalSection(ProjectConfigurationPlatforms) = postSolution
		{F2C76A4A-69E1-4305-9E42-B8638088B083}.Debug|Win32.ActiveCfg = Debug|Win32
		{F2C76A4A-69E1-4305-9E42-B8638088B083}.Debug|Win32.Build.0 = Debug|Win32
		{F2C76A4A-69E1-4305-9E42-B8638088B083}.Release|Win32.ActiveCfg = Release|Win32
		{F2C76A4A-69E1-4305-9E42-B8638088B083}.Release|Win32.Build.0 = Release|Win32
	EndGlobalSection
	GlobalSection(SolutionProperties) = preSolution
		HideSolutionNode = FALSE
	EndGlobalSection
EndGlobal
